
Microsoft Visual Studio Solution File, Format Version 12.00
# Visual Studio Version 17
VisualStudioVersion = 17.4.33205.214
MinimumVisualStudioVersion = 10.0.40219.1
Project("{FAE04EC0-301F-11D3-BF4B-00C04F79EFBC}") = "LeetCodeSolutions", "LeetCodeSolutions\LeetCodeSolutions.csproj", "{578878C8-6D42-4488-A25C-AE9DCDF89855}"
EndProject
Global
	GlobalSection(SolutionConfigurationPlatforms) = preSolution
		Debug|Any CPU = Debug|Any CPU
		Release|Any CPU = Release|Any CPU
	EndGlobalSection
	GlobalSection(ProjectConfigurationPlatforms) = postSolution
		{578878C8-6D42-4488-A25C-AE9DCDF89855}.Debug|Any CPU.ActiveCfg = Debug|Any CPU
		{578878C8-6D42-4488-A25C-AE9DCDF89855}.Debug|Any CPU.Build.0 = Debug|Any CPU
		{578878C8-6D42-4488-A25C-AE9DCDF89855}.Release|Any CPU.ActiveCfg = Release|Any CPU
		{578878C8-6D42-4488-A25C-AE9DCDF89855}.Release|Any CPU.Build.0 = Release|Any CPU
	EndGlobalSection
	GlobalSection(SolutionProperties) = preSolution
		HideSolutionNode = FALSE
	EndGlobalSection
	GlobalSection(ExtensibilityGlobals) = postSolution
		SolutionGuid = {3BE47FE4-6F34-4A78-BAC7-7BEE87C2668A}
	EndGlobalSection
EndGlobal
